# This file was autogenerated by uv via the following command:
#    uv export --format requirements-txt -o requirements.lock --no-hashes
-e .
aiofiles==25.1.0
    # via unstructured-client
annotated-types==0.7.0
    # via pydantic
anyio==4.12.1
    # via httpx
backoff==2.2.1
    # via unstructured
beautifulsoup4==4.14.3
    # via unstructured
certifi==2026.1.4
    # via
    #   httpcore
    #   httpx
    #   requests
cffi==2.0.0 ; platform_python_implementation != 'PyPy'
    # via cryptography
charset-normalizer==3.4.4
    # via
    #   requests
    #   unstructured
click==8.3.1
    # via
    #   nltk
    #   python-oxmsg
colorama==0.4.6 ; sys_platform == 'win32'
    # via
    #   click
    #   tqdm
cryptography==46.0.4
    # via unstructured-client
dataclasses-json==0.6.7
    # via unstructured
emoji==2.15.0
    # via unstructured
filetype==1.2.0
    # via unstructured
grpcio==1.78.0
    # via qdrant-client
h11==0.16.0
    # via httpcore
h2==4.3.0
    # via httpx
hpack==4.1.0
    # via h2
html5lib==1.1
    # via unstructured
httpcore==1.0.9
    # via
    #   httpx
    #   unstructured-client
httpx==0.28.1
    # via
    #   qdrant-client
    #   unstructured-client
hyperframe==6.1.0
    # via h2
idna==3.11
    # via
    #   anyio
    #   httpx
    #   requests
joblib==1.5.3
    # via nltk
langdetect==1.0.9
    # via
    #   rag-yhct
    #   unstructured
llvmlite==0.46.0
    # via
    #   numba
    #   rag-yhct
lxml==6.0.2
    # via
    #   python-docx
    #   unstructured
marshmallow==3.26.2
    # via dataclasses-json
mypy-extensions==1.1.0
    # via typing-inspect
nltk==3.9.2
    # via unstructured
numba==0.63.1
    # via
    #   rag-yhct
    #   unstructured
numpy==2.3.5
    # via
    #   numba
    #   qdrant-client
    #   unstructured
olefile==0.47
    # via python-oxmsg
packaging==26.0
    # via
    #   marshmallow
    #   pytesseract
pillow==12.1.0
    # via
    #   pytesseract
    #   rag-yhct
portalocker==3.2.0
    # via qdrant-client
protobuf==6.33.5
    # via qdrant-client
psutil==7.2.2
    # via unstructured
pycparser==3.0 ; implementation_name != 'PyPy' and platform_python_implementation != 'PyPy'
    # via cffi
pydantic==2.12.5
    # via
    #   qdrant-client
    #   unstructured-client
pydantic-core==2.41.5
    # via pydantic
pymupdf==1.26.7
    # via rag-yhct
pypdf==6.7.0
    # via unstructured-client
pypdfium2==5.4.0
    # via unstructured-client
pytesseract==0.3.13
    # via rag-yhct
python-docx==1.2.0
    # via rag-yhct
python-iso639==2026.1.31
    # via unstructured
python-magic==0.4.27
    # via unstructured
python-oxmsg==0.0.2
    # via unstructured
pywin32==311 ; sys_platform == 'win32'
    # via portalocker
pyyaml==6.0.3
    # via rag-yhct
qdrant-client==1.16.2
    # via rag-yhct
rapidfuzz==3.14.3
    # via unstructured
regex==2026.1.15
    # via
    #   nltk
    #   rag-yhct
    #   tiktoken
requests==2.32.5
    # via
    #   requests-toolbelt
    #   tiktoken
    #   unstructured
requests-toolbelt==1.0.0
    # via unstructured-client
six==1.17.0
    # via
    #   html5lib
    #   langdetect
soupsieve==2.8.3
    # via beautifulsoup4
tiktoken==0.12.0
    # via rag-yhct
tqdm==4.67.3
    # via
    #   nltk
    #   rag-yhct
    #   unstructured
typing-extensions==4.15.0
    # via
    #   anyio
    #   beautifulsoup4
    #   grpcio
    #   pydantic
    #   pydantic-core
    #   python-docx
    #   python-oxmsg
    #   typing-inspect
    #   typing-inspection
    #   unstructured
typing-inspect==0.9.0
    # via dataclasses-json
typing-inspection==0.4.2
    # via pydantic
unstructured==0.18.31
    # via rag-yhct
unstructured-client==0.42.10
    # via unstructured
urllib3==2.6.3
    # via
    #   qdrant-client
    #   requests
webencodings==0.5.1
    # via html5lib
wrapt==2.1.1
    # via unstructured
